
Microsoft Visual Studio Solution File, Format Version 12.00
# Visual Studio 15
VisualStudioVersion = 15.0.28307.1831
MinimumVisualStudioVersion = 10.0.40219.1
Project("{FAE04EC0-301F-11D3-BF4B-00C04F79EFBC}") = "Pharmacy System", "Pharmacy System\Pharmacy System.csproj", "{0FCBA9A7-2006-42C9-B065-C1A77D021528}"
EndProject
Global
	GlobalSection(SolutionConfigurationPlatforms) = preSolution
		Debug|Any CPU = Debug|Any CPU
		Release|Any CPU = Release|Any CPU
	EndGlobalSection
	GlobalSection(ProjectConfigurationPlatforms) = postSolution
		{0FCBA9A7-2006-42C9-B065-C1A77D021528}.Debug|Any CPU.ActiveCfg = Debug|Any CPU
		{0FCBA9A7-2006-42C9-B065-C1A77D021528}.Debug|Any CPU.Build.0 = Debug|Any CPU
		{0FCBA9A7-2006-42C9-B065-C1A77D021528}.Release|Any CPU.ActiveCfg = Release|Any CPU
		{0FCBA9A7-2006-42C9-B065-C1A77D021528}.Release|Any CPU.Build.0 = Release|Any CPU
	EndGlobalSection
	GlobalSection(SolutionProperties) = preSolution
		HideSolutionNode = FALSE
	EndGlobalSection
	GlobalSection(ExtensibilityGlobals) = postSolution
		SolutionGuid = {ABE89A2F-630E-41D2-B9B6-1394354825C2}
	EndGlobalSection
EndGlobal
